// !$*UTF8*$!
{
	archiveVersion = 1;
	classes = {
	};
	objectVersion = 46;
	objects = {

/* Begin PBXBuildFile section */
		A319EF6818EEEE070058E0E3 /* LGCamera.m in Sources */ = {isa = PBXBuildFile; fileRef = A319EF3B18EEEE070058E0E3 /* LGCamera.m */; };
		A319EF6918EEEE070058E0E3 /* LGCollider.m in Sources */ = {isa = PBXBuildFile; fileRef = A319EF3D18EEEE070058E0E3 /* LGCollider.m */; };
		A319EF6A18EEEE070058E0E3 /* LGTileCollider.m in Sources */ = {isa = PBXBuildFile; fileRef = A319EF4018EEEE070058E0E3 /* LGTileCollider.m */; };
		A319EF6B18EEEE070058E0E3 /* LGPhysics.m in Sources */ = {isa = PBXBuildFile; fileRef = A319EF4218EEEE070058E0E3 /* LGPhysics.m */; };
		A319EF6C18EEEE070058E0E3 /* LGPlayer.m in Sources */ = {isa = PBXBuildFile; fileRef = A319EF4418EEEE070058E0E3 /* LGPlayer.m */; };
		A319EF6D18EEEE070058E0E3 /* LGRender.m in Sources */ = {isa = PBXBuildFile; fileRef = A319EF4618EEEE070058E0E3 /* LGRender.m */; };
		A319EF6E18EEEE070058E0E3 /* LGSprite.m in Sources */ = {isa = PBXBuildFile; fileRef = A319EF4818EEEE070058E0E3 /* LGSprite.m */; };
		A319EF7018EEEE070058E0E3 /* LGTransform.m in Sources */ = {isa = PBXBuildFile; fileRef = A319EF4C18EEEE070058E0E3 /* LGTransform.m */; };
		A319EF7118EEEE070058E0E3 /* LGCameraSystem.m in Sources */ = {isa = PBXBuildFile; fileRef = A319EF4F18EEEE070058E0E3 /* LGCameraSystem.m */; };
		A319EF7318EEEE070058E0E3 /* LGPhysicalSystem.m in Sources */ = {isa = PBXBuildFile; fileRef = A319EF5318EEEE070058E0E3 /* LGPhysicalSystem.m */; };
		A319EF7418EEEE070058E0E3 /* LGPlayerInputSystem.m in Sources */ = {isa = PBXBuildFile; fileRef = A319EF5518EEEE070058E0E3 /* LGPlayerInputSystem.m */; };
		A319EF7518EEEE070058E0E3 /* LGSpriteRenderingSystem.m in Sources */ = {isa = PBXBuildFile; fileRef = A319EF5818EEEE070058E0E3 /* LGSpriteRenderingSystem.m */; };
		A319EF7618EEEE070058E0E3 /* LGRenderingSystem.m in Sources */ = {isa = PBXBuildFile; fileRef = A319EF5A18EEEE070058E0E3 /* LGRenderingSystem.m */; };
		A319EF7718EEEE070058E0E3 /* LGTileSystem.m in Sources */ = {isa = PBXBuildFile; fileRef = A319EF5C18EEEE070058E0E3 /* LGTileSystem.m */; };
		A319EF7818EEEE070058E0E3 /* LGComponent.m in Sources */ = {isa = PBXBuildFile; fileRef = A319EF5E18EEEE070058E0E3 /* LGComponent.m */; };
		A319EF7918EEEE070058E0E3 /* LGEngine.m in Sources */ = {isa = PBXBuildFile; fileRef = A319EF6018EEEE070058E0E3 /* LGEngine.m */; };
		A319EF7A18EEEE070058E0E3 /* LGEntity.m in Sources */ = {isa = PBXBuildFile; fileRef = A319EF6218EEEE070058E0E3 /* LGEntity.m */; };
		A319EF7B18EEEE070058E0E3 /* LGScene.m in Sources */ = {isa = PBXBuildFile; fileRef = A319EF6418EEEE070058E0E3 /* LGScene.m */; };
		A319EF7C18EEEE070058E0E3 /* LGSystem.m in Sources */ = {isa = PBXBuildFile; fileRef = A319EF6618EEEE070058E0E3 /* LGSystem.m */; };
		A319EF8B18EEEE8E0058E0E3 /* Constants.m in Sources */ = {isa = PBXBuildFile; fileRef = A319EF7F18EEEE8E0058E0E3 /* Constants.m */; };
		A319EF8C18EEEE8E0058E0E3 /* EntityFactory.m in Sources */ = {isa = PBXBuildFile; fileRef = A319EF8118EEEE8E0058E0E3 /* EntityFactory.m */; };
		A319EF8E18EEEE8E0058E0E3 /* blue.png in Resources */ = {isa = PBXBuildFile; fileRef = A319EF8418EEEE8E0058E0E3 /* blue.png */; };
		A319EF9018EEEE8E0058E0E3 /* MainScene.m in Sources */ = {isa = PBXBuildFile; fileRef = A319EF8818EEEE8E0058E0E3 /* MainScene.m */; };
		A3367D0A18B3E620005475B7 /* Foundation.framework in Frameworks */ = {isa = PBXBuildFile; fileRef = A3367D0918B3E620005475B7 /* Foundation.framework */; };
		A3367D0C18B3E620005475B7 /* CoreGraphics.framework in Frameworks */ = {isa = PBXBuildFile; fileRef = A3367D0B18B3E620005475B7 /* CoreGraphics.framework */; };
		A3367D0E18B3E620005475B7 /* UIKit.framework in Frameworks */ = {isa = PBXBuildFile; fileRef = A3367D0D18B3E620005475B7 /* UIKit.framework */; };
		A3367D1018B3E620005475B7 /* CoreData.framework in Frameworks */ = {isa = PBXBuildFile; fileRef = A3367D0F18B3E620005475B7 /* CoreData.framework */; };
		A3367D1618B3E620005475B7 /* InfoPlist.strings in Resources */ = {isa = PBXBuildFile; fileRef = A3367D1418B3E620005475B7 /* InfoPlist.strings */; };
		A3367D1818B3E620005475B7 /* main.m in Sources */ = {isa = PBXBuildFile; fileRef = A3367D1718B3E620005475B7 /* main.m */; };
		A3367D1C18B3E620005475B7 /* AppDelegate.m in Sources */ = {isa = PBXBuildFile; fileRef = A3367D1B18B3E620005475B7 /* AppDelegate.m */; };
		A3367D1F18B3E621005475B7 /* Engine.xcdatamodeld in Sources */ = {isa = PBXBuildFile; fileRef = A3367D1D18B3E621005475B7 /* Engine.xcdatamodeld */; };
		A3367D2118B3E621005475B7 /* Images.xcassets in Resources */ = {isa = PBXBuildFile; fileRef = A3367D2018B3E621005475B7 /* Images.xcassets */; };
		A3367D2818B3E621005475B7 /* XCTest.framework in Frameworks */ = {isa = PBXBuildFile; fileRef = A3367D2718B3E621005475B7 /* XCTest.framework */; };
		A3367D2918B3E621005475B7 /* Foundation.framework in Frameworks */ = {isa = PBXBuildFile; fileRef = A3367D0918B3E620005475B7 /* Foundation.framework */; };
		A3367D2A18B3E621005475B7 /* UIKit.framework in Frameworks */ = {isa = PBXBuildFile; fileRef = A3367D0D18B3E620005475B7 /* UIKit.framework */; };
		A3367D2B18B3E621005475B7 /* CoreData.framework in Frameworks */ = {isa = PBXBuildFile; fileRef = A3367D0F18B3E620005475B7 /* CoreData.framework */; };
		A3367D3318B3E621005475B7 /* InfoPlist.strings in Resources */ = {isa = PBXBuildFile; fileRef = A3367D3118B3E621005475B7 /* InfoPlist.strings */; };
		A3367D3518B3E621005475B7 /* EngineTests.m in Sources */ = {isa = PBXBuildFile; fileRef = A3367D3418B3E621005475B7 /* EngineTests.m */; };
		A3367D4018B3E662005475B7 /* MainViewController.m in Sources */ = {isa = PBXBuildFile; fileRef = A3367D3F18B3E662005475B7 /* MainViewController.m */; };
		A363F6B018F1DF0600581E67 /* LGCollisionSystem.m in Sources */ = {isa = PBXBuildFile; fileRef = A319EF5118EEEE070058E0E3 /* LGCollisionSystem.m */; };
		A36C739A18F0449300B988C7 /* Player.png in Resources */ = {isa = PBXBuildFile; fileRef = A36C739918F0449300B988C7 /* Player.png */; };
		A36C739C18F04D3C00B988C7 /* tileset.png in Resources */ = {isa = PBXBuildFile; fileRef = A36C739B18F04D3C00B988C7 /* tileset.png */; };
		A36C73E318F0510D00B988C7 /* LGCamera.m in Sources */ = {isa = PBXBuildFile; fileRef = A319EF3B18EEEE070058E0E3 /* LGCamera.m */; };
		A36C73E418F0510D00B988C7 /* LGCollider.m in Sources */ = {isa = PBXBuildFile; fileRef = A319EF3D18EEEE070058E0E3 /* LGCollider.m */; };
		A36C73E518F0510D00B988C7 /* LGTileCollider.m in Sources */ = {isa = PBXBuildFile; fileRef = A319EF4018EEEE070058E0E3 /* LGTileCollider.m */; };
		A36C73E618F0510D00B988C7 /* LGPhysics.m in Sources */ = {isa = PBXBuildFile; fileRef = A319EF4218EEEE070058E0E3 /* LGPhysics.m */; };
		A36C73E718F0510D00B988C7 /* LGPlayer.m in Sources */ = {isa = PBXBuildFile; fileRef = A319EF4418EEEE070058E0E3 /* LGPlayer.m */; };
		A36C73E818F0510D00B988C7 /* LGRender.m in Sources */ = {isa = PBXBuildFile; fileRef = A319EF4618EEEE070058E0E3 /* LGRender.m */; };
		A36C73E918F0510D00B988C7 /* LGSprite.m in Sources */ = {isa = PBXBuildFile; fileRef = A319EF4818EEEE070058E0E3 /* LGSprite.m */; };
		A36C73EB18F0510D00B988C7 /* LGTransform.m in Sources */ = {isa = PBXBuildFile; fileRef = A319EF4C18EEEE070058E0E3 /* LGTransform.m */; };
		A36C73EC18F0510D00B988C7 /* LGCameraSystem.m in Sources */ = {isa = PBXBuildFile; fileRef = A319EF4F18EEEE070058E0E3 /* LGCameraSystem.m */; };
		A36C73EE18F0510D00B988C7 /* LGPhysicalSystem.m in Sources */ = {isa = PBXBuildFile; fileRef = A319EF5318EEEE070058E0E3 /* LGPhysicalSystem.m */; };
		A36C73EF18F0510D00B988C7 /* LGPlayerInputSystem.m in Sources */ = {isa = PBXBuildFile; fileRef = A319EF5518EEEE070058E0E3 /* LGPlayerInputSystem.m */; };
		A36C73F018F0510D00B988C7 /* LGSpriteRenderingSystem.m in Sources */ = {isa = PBXBuildFile; fileRef = A319EF5818EEEE070058E0E3 /* LGSpriteRenderingSystem.m */; };
		A36C73F118F0510D00B988C7 /* LGRenderingSystem.m in Sources */ = {isa = PBXBuildFile; fileRef = A319EF5A18EEEE070058E0E3 /* LGRenderingSystem.m */; };
		A36C73F218F0510D00B988C7 /* LGTileSystem.m in Sources */ = {isa = PBXBuildFile; fileRef = A319EF5C18EEEE070058E0E3 /* LGTileSystem.m */; };
		A36C73F318F0510D00B988C7 /* LGComponent.m in Sources */ = {isa = PBXBuildFile; fileRef = A319EF5E18EEEE070058E0E3 /* LGComponent.m */; };
		A36C73F418F0510D00B988C7 /* LGEngine.m in Sources */ = {isa = PBXBuildFile; fileRef = A319EF6018EEEE070058E0E3 /* LGEngine.m */; };
		A36C73F518F0510D00B988C7 /* LGEntity.m in Sources */ = {isa = PBXBuildFile; fileRef = A319EF6218EEEE070058E0E3 /* LGEntity.m */; };
		A36C73F618F0510D00B988C7 /* LGScene.m in Sources */ = {isa = PBXBuildFile; fileRef = A319EF6418EEEE070058E0E3 /* LGScene.m */; };
		A36C73F718F0510D00B988C7 /* LGSystem.m in Sources */ = {isa = PBXBuildFile; fileRef = A319EF6618EEEE070058E0E3 /* LGSystem.m */; };
		A37F40BC18C524E100C58298 /* notes.md in Resources */ = {isa = PBXBuildFile; fileRef = A37F40BB18C524E100C58298 /* notes.md */; };
		A38069D818B56A7100486D21 /* Foundation.framework in Frameworks */ = {isa = PBXBuildFile; fileRef = A3367D0918B3E620005475B7 /* Foundation.framework */; };
		A38069FF18B56ACD00486D21 /* CoreGraphics.framework in Frameworks */ = {isa = PBXBuildFile; fileRef = A3367D0B18B3E620005475B7 /* CoreGraphics.framework */; };
		A3806A0018B56AD200486D21 /* CoreData.framework in Frameworks */ = {isa = PBXBuildFile; fileRef = A3367D0F18B3E620005475B7 /* CoreData.framework */; };
		A3806A0118B56AD500486D21 /* UIKit.framework in Frameworks */ = {isa = PBXBuildFile; fileRef = A3367D0D18B3E620005475B7 /* UIKit.framework */; };
		A38C5D3118F9916B0043510C /* LGTMXParser.m in Sources */ = {isa = PBXBuildFile; fileRef = A38C5D3018F9916B0043510C /* LGTMXParser.m */; };
		A38C5D3618F9952E0043510C /* LGTileMap.m in Sources */ = {isa = PBXBuildFile; fileRef = A38C5D3518F9952E0043510C /* LGTileMap.m */; };
		A38C5D3918F99CA50043510C /* LGTileLayer.m in Sources */ = {isa = PBXBuildFile; fileRef = A38C5D3818F99CA50043510C /* LGTileLayer.m */; };
		A38C5D3D18F9A7A00043510C /* level1.tmx in Resources */ = {isa = PBXBuildFile; fileRef = A38C5D3C18F9A7A00043510C /* level1.tmx */; };
		A3D7547618EE1B14007EC53C /* README.md in Resources */ = {isa = PBXBuildFile; fileRef = A3D7547518EE1B14007EC53C /* README.md */; };
		A3DFD9DB18EDFEE0004412EE /* LICENSE in Resources */ = {isa = PBXBuildFile; fileRef = A3DFD9DA18EDFEE0004412EE /* LICENSE */; };
		A3F818DE18F0B42400359EB8 /* LGTile.m in Sources */ = {isa = PBXBuildFile; fileRef = A3F818DD18F0B42400359EB8 /* LGTile.m */; };
		A3F818E718F100AD00359EB8 /* LGCollisionSystem.m in Sources */ = {isa = PBXBuildFile; fileRef = A319EF5118EEEE070058E0E3 /* LGCollisionSystem.m */; };
		A3F818EB18F1A52D00359EB8 /* LGSpatialGrid.m in Sources */ = {isa = PBXBuildFile; fileRef = A3F818EA18F1A52D00359EB8 /* LGSpatialGrid.m */; };
/* End PBXBuildFile section */

/* Begin PBXContainerItemProxy section */
		A3367D2C18B3E621005475B7 /* PBXContainerItemProxy */ = {
			isa = PBXContainerItemProxy;
			containerPortal = A3367CFE18B3E620005475B7 /* Project object */;
			proxyType = 1;
			remoteGlobalIDString = A3367D0518B3E620005475B7;
			remoteInfo = Engine;
		};
/* End PBXContainerItemProxy section */

/* Begin PBXCopyFilesBuildPhase section */
		A38069D518B56A7100486D21 /* CopyFiles */ = {
			isa = PBXCopyFilesBuildPhase;
			buildActionMask = 2147483647;
			dstPath = "include/$(PRODUCT_NAME)";
			dstSubfolderSpec = 16;
			files = (
			);
			runOnlyForDeploymentPostprocessing = 0;
		};
/* End PBXCopyFilesBuildPhase section */

/* Begin PBXFileReference section */
		A319EF3A18EEEE070058E0E3 /* LGCamera.h */ = {isa = PBXFileReference; fileEncoding = 4; lastKnownFileType = sourcecode.c.h; path = LGCamera.h; sourceTree = "<group>"; };
		A319EF3B18EEEE070058E0E3 /* LGCamera.m */ = {isa = PBXFileReference; fileEncoding = 4; lastKnownFileType = sourcecode.c.objc; path = LGCamera.m; sourceTree = "<group>"; };
		A319EF3C18EEEE070058E0E3 /* LGCollider.h */ = {isa = PBXFileReference; fileEncoding = 4; lastKnownFileType = sourcecode.c.h; path = LGCollider.h; sourceTree = "<group>"; };
		A319EF3D18EEEE070058E0E3 /* LGCollider.m */ = {isa = PBXFileReference; fileEncoding = 4; lastKnownFileType = sourcecode.c.objc; path = LGCollider.m; sourceTree = "<group>"; };
		A319EF3F18EEEE070058E0E3 /* LGTileCollider.h */ = {isa = PBXFileReference; fileEncoding = 4; lastKnownFileType = sourcecode.c.h; name = LGTileCollider.h; path = LGColliderSubclasses/LGTileCollider.h; sourceTree = "<group>"; };
		A319EF4018EEEE070058E0E3 /* LGTileCollider.m */ = {isa = PBXFileReference; fileEncoding = 4; lastKnownFileType = sourcecode.c.objc; name = LGTileCollider.m; path = LGColliderSubclasses/LGTileCollider.m; sourceTree = "<group>"; };
		A319EF4118EEEE070058E0E3 /* LGPhysics.h */ = {isa = PBXFileReference; fileEncoding = 4; lastKnownFileType = sourcecode.c.h; path = LGPhysics.h; sourceTree = "<group>"; };
		A319EF4218EEEE070058E0E3 /* LGPhysics.m */ = {isa = PBXFileReference; fileEncoding = 4; lastKnownFileType = sourcecode.c.objc; path = LGPhysics.m; sourceTree = "<group>"; };
		A319EF4318EEEE070058E0E3 /* LGPlayer.h */ = {isa = PBXFileReference; fileEncoding = 4; lastKnownFileType = sourcecode.c.h; path = LGPlayer.h; sourceTree = "<group>"; };
		A319EF4418EEEE070058E0E3 /* LGPlayer.m */ = {isa = PBXFileReference; fileEncoding = 4; lastKnownFileType = sourcecode.c.objc; path = LGPlayer.m; sourceTree = "<group>"; };
		A319EF4518EEEE070058E0E3 /* LGRender.h */ = {isa = PBXFileReference; fileEncoding = 4; lastKnownFileType = sourcecode.c.h; path = LGRender.h; sourceTree = "<group>"; };
		A319EF4618EEEE070058E0E3 /* LGRender.m */ = {isa = PBXFileReference; fileEncoding = 4; lastKnownFileType = sourcecode.c.objc; path = LGRender.m; sourceTree = "<group>"; };
		A319EF4718EEEE070058E0E3 /* LGSprite.h */ = {isa = PBXFileReference; fileEncoding = 4; lastKnownFileType = sourcecode.c.h; path = LGSprite.h; sourceTree = "<group>"; };
		A319EF4818EEEE070058E0E3 /* LGSprite.m */ = {isa = PBXFileReference; fileEncoding = 4; lastKnownFileType = sourcecode.c.objc; path = LGSprite.m; sourceTree = "<group>"; };
		A319EF4B18EEEE070058E0E3 /* LGTransform.h */ = {isa = PBXFileReference; fileEncoding = 4; lastKnownFileType = sourcecode.c.h; path = LGTransform.h; sourceTree = "<group>"; };
		A319EF4C18EEEE070058E0E3 /* LGTransform.m */ = {isa = PBXFileReference; fileEncoding = 4; lastKnownFileType = sourcecode.c.objc; path = LGTransform.m; sourceTree = "<group>"; };
		A319EF4E18EEEE070058E0E3 /* LGCameraSystem.h */ = {isa = PBXFileReference; fileEncoding = 4; lastKnownFileType = sourcecode.c.h; path = LGCameraSystem.h; sourceTree = "<group>"; };
		A319EF4F18EEEE070058E0E3 /* LGCameraSystem.m */ = {isa = PBXFileReference; fileEncoding = 4; lastKnownFileType = sourcecode.c.objc; path = LGCameraSystem.m; sourceTree = "<group>"; };
		A319EF5018EEEE070058E0E3 /* LGCollisionSystem.h */ = {isa = PBXFileReference; fileEncoding = 4; lastKnownFileType = sourcecode.c.h; path = LGCollisionSystem.h; sourceTree = "<group>"; };
		A319EF5118EEEE070058E0E3 /* LGCollisionSystem.m */ = {isa = PBXFileReference; fileEncoding = 4; lastKnownFileType = sourcecode.c.objc; path = LGCollisionSystem.m; sourceTree = "<group>"; };
		A319EF5218EEEE070058E0E3 /* LGPhysicalSystem.h */ = {isa = PBXFileReference; fileEncoding = 4; lastKnownFileType = sourcecode.c.h; path = LGPhysicalSystem.h; sourceTree = "<group>"; };
		A319EF5318EEEE070058E0E3 /* LGPhysicalSystem.m */ = {isa = PBXFileReference; fileEncoding = 4; lastKnownFileType = sourcecode.c.objc; path = LGPhysicalSystem.m; sourceTree = "<group>"; };
		A319EF5418EEEE070058E0E3 /* LGPlayerInputSystem.h */ = {isa = PBXFileReference; fileEncoding = 4; lastKnownFileType = sourcecode.c.h; path = LGPlayerInputSystem.h; sourceTree = "<group>"; };
		A319EF5518EEEE070058E0E3 /* LGPlayerInputSystem.m */ = {isa = PBXFileReference; fileEncoding = 4; lastKnownFileType = sourcecode.c.objc; path = LGPlayerInputSystem.m; sourceTree = "<group>"; };
		A319EF5718EEEE070058E0E3 /* LGSpriteRenderingSystem.h */ = {isa = PBXFileReference; fileEncoding = 4; lastKnownFileType = sourcecode.c.h; name = LGSpriteRenderingSystem.h; path = "LGRenderingSystem Subclasses/LGSpriteRenderingSystem.h"; sourceTree = "<group>"; };
		A319EF5818EEEE070058E0E3 /* LGSpriteRenderingSystem.m */ = {isa = PBXFileReference; fileEncoding = 4; lastKnownFileType = sourcecode.c.objc; name = LGSpriteRenderingSystem.m; path = "LGRenderingSystem Subclasses/LGSpriteRenderingSystem.m"; sourceTree = "<group>"; };
		A319EF5918EEEE070058E0E3 /* LGRenderingSystem.h */ = {isa = PBXFileReference; fileEncoding = 4; lastKnownFileType = sourcecode.c.h; path = LGRenderingSystem.h; sourceTree = "<group>"; };
		A319EF5A18EEEE070058E0E3 /* LGRenderingSystem.m */ = {isa = PBXFileReference; fileEncoding = 4; lastKnownFileType = sourcecode.c.objc; path = LGRenderingSystem.m; sourceTree = "<group>"; };
		A319EF5B18EEEE070058E0E3 /* LGTileSystem.h */ = {isa = PBXFileReference; fileEncoding = 4; lastKnownFileType = sourcecode.c.h; path = LGTileSystem.h; sourceTree = "<group>"; };
		A319EF5C18EEEE070058E0E3 /* LGTileSystem.m */ = {isa = PBXFileReference; fileEncoding = 4; lastKnownFileType = sourcecode.c.objc; path = LGTileSystem.m; sourceTree = "<group>"; };
		A319EF5D18EEEE070058E0E3 /* LGComponent.h */ = {isa = PBXFileReference; fileEncoding = 4; lastKnownFileType = sourcecode.c.h; path = LGComponent.h; sourceTree = "<group>"; };
		A319EF5E18EEEE070058E0E3 /* LGComponent.m */ = {isa = PBXFileReference; fileEncoding = 4; lastKnownFileType = sourcecode.c.objc; path = LGComponent.m; sourceTree = "<group>"; };
		A319EF5F18EEEE070058E0E3 /* LGEngine.h */ = {isa = PBXFileReference; fileEncoding = 4; lastKnownFileType = sourcecode.c.h; path = LGEngine.h; sourceTree = "<group>"; };
		A319EF6018EEEE070058E0E3 /* LGEngine.m */ = {isa = PBXFileReference; fileEncoding = 4; lastKnownFileType = sourcecode.c.objc; path = LGEngine.m; sourceTree = "<group>"; };
		A319EF6118EEEE070058E0E3 /* LGEntity.h */ = {isa = PBXFileReference; fileEncoding = 4; lastKnownFileType = sourcecode.c.h; path = LGEntity.h; sourceTree = "<group>"; };
		A319EF6218EEEE070058E0E3 /* LGEntity.m */ = {isa = PBXFileReference; fileEncoding = 4; lastKnownFileType = sourcecode.c.objc; path = LGEntity.m; sourceTree = "<group>"; };
		A319EF6318EEEE070058E0E3 /* LGScene.h */ = {isa = PBXFileReference; fileEncoding = 4; lastKnownFileType = sourcecode.c.h; path = LGScene.h; sourceTree = "<group>"; };
		A319EF6418EEEE070058E0E3 /* LGScene.m */ = {isa = PBXFileReference; fileEncoding = 4; lastKnownFileType = sourcecode.c.objc; path = LGScene.m; sourceTree = "<group>"; };
		A319EF6518EEEE070058E0E3 /* LGSystem.h */ = {isa = PBXFileReference; fileEncoding = 4; lastKnownFileType = sourcecode.c.h; path = LGSystem.h; sourceTree = "<group>"; };
		A319EF6618EEEE070058E0E3 /* LGSystem.m */ = {isa = PBXFileReference; fileEncoding = 4; lastKnownFileType = sourcecode.c.objc; path = LGSystem.m; sourceTree = "<group>"; };
		A319EF7E18EEEE8E0058E0E3 /* Constants.h */ = {isa = PBXFileReference; fileEncoding = 4; lastKnownFileType = sourcecode.c.h; path = Constants.h; sourceTree = "<group>"; };
		A319EF7F18EEEE8E0058E0E3 /* Constants.m */ = {isa = PBXFileReference; fileEncoding = 4; lastKnownFileType = sourcecode.c.objc; path = Constants.m; sourceTree = "<group>"; };
		A319EF8018EEEE8E0058E0E3 /* EntityFactory.h */ = {isa = PBXFileReference; fileEncoding = 4; lastKnownFileType = sourcecode.c.h; path = EntityFactory.h; sourceTree = "<group>"; };
		A319EF8118EEEE8E0058E0E3 /* EntityFactory.m */ = {isa = PBXFileReference; fileEncoding = 4; lastKnownFileType = sourcecode.c.objc; path = EntityFactory.m; sourceTree = "<group>"; };
		A319EF8418EEEE8E0058E0E3 /* blue.png */ = {isa = PBXFileReference; lastKnownFileType = image.png; path = blue.png; sourceTree = "<group>"; };
		A319EF8718EEEE8E0058E0E3 /* MainScene.h */ = {isa = PBXFileReference; fileEncoding = 4; lastKnownFileType = sourcecode.c.h; path = MainScene.h; sourceTree = "<group>"; };
		A319EF8818EEEE8E0058E0E3 /* MainScene.m */ = {isa = PBXFileReference; fileEncoding = 4; lastKnownFileType = sourcecode.c.objc; path = MainScene.m; sourceTree = "<group>"; };
		A3367D0618B3E620005475B7 /* Engine.app */ = {isa = PBXFileReference; explicitFileType = wrapper.application; includeInIndex = 0; path = Engine.app; sourceTree = BUILT_PRODUCTS_DIR; };
		A3367D0918B3E620005475B7 /* Foundation.framework */ = {isa = PBXFileReference; lastKnownFileType = wrapper.framework; name = Foundation.framework; path = System/Library/Frameworks/Foundation.framework; sourceTree = SDKROOT; };
		A3367D0B18B3E620005475B7 /* CoreGraphics.framework */ = {isa = PBXFileReference; lastKnownFileType = wrapper.framework; name = CoreGraphics.framework; path = System/Library/Frameworks/CoreGraphics.framework; sourceTree = SDKROOT; };
		A3367D0D18B3E620005475B7 /* UIKit.framework */ = {isa = PBXFileReference; lastKnownFileType = wrapper.framework; name = UIKit.framework; path = System/Library/Frameworks/UIKit.framework; sourceTree = SDKROOT; };
		A3367D0F18B3E620005475B7 /* CoreData.framework */ = {isa = PBXFileReference; lastKnownFileType = wrapper.framework; name = CoreData.framework; path = System/Library/Frameworks/CoreData.framework; sourceTree = SDKROOT; };
		A3367D1318B3E620005475B7 /* Engine-Info.plist */ = {isa = PBXFileReference; lastKnownFileType = text.plist.xml; path = "Engine-Info.plist"; sourceTree = "<group>"; };
		A3367D1518B3E620005475B7 /* en */ = {isa = PBXFileReference; lastKnownFileType = text.plist.strings; name = en; path = en.lproj/InfoPlist.strings; sourceTree = "<group>"; };
		A3367D1718B3E620005475B7 /* main.m */ = {isa = PBXFileReference; lastKnownFileType = sourcecode.c.objc; path = main.m; sourceTree = "<group>"; };
		A3367D1918B3E620005475B7 /* Engine-Prefix.pch */ = {isa = PBXFileReference; lastKnownFileType = sourcecode.c.h; path = "Engine-Prefix.pch"; sourceTree = "<group>"; };
		A3367D1A18B3E620005475B7 /* AppDelegate.h */ = {isa = PBXFileReference; lastKnownFileType = sourcecode.c.h; path = AppDelegate.h; sourceTree = "<group>"; };
		A3367D1B18B3E620005475B7 /* AppDelegate.m */ = {isa = PBXFileReference; lastKnownFileType = sourcecode.c.objc; path = AppDelegate.m; sourceTree = "<group>"; };
		A3367D1E18B3E621005475B7 /* Engine.xcdatamodel */ = {isa = PBXFileReference; lastKnownFileType = wrapper.xcdatamodel; path = Engine.xcdatamodel; sourceTree = "<group>"; };
		A3367D2018B3E621005475B7 /* Images.xcassets */ = {isa = PBXFileReference; lastKnownFileType = folder.assetcatalog; path = Images.xcassets; sourceTree = "<group>"; };
		A3367D2618B3E621005475B7 /* EngineTests.xctest */ = {isa = PBXFileReference; explicitFileType = wrapper.cfbundle; includeInIndex = 0; path = EngineTests.xctest; sourceTree = BUILT_PRODUCTS_DIR; };
		A3367D2718B3E621005475B7 /* XCTest.framework */ = {isa = PBXFileReference; lastKnownFileType = wrapper.framework; name = XCTest.framework; path = Library/Frameworks/XCTest.framework; sourceTree = DEVELOPER_DIR; };
		A3367D3018B3E621005475B7 /* EngineTests-Info.plist */ = {isa = PBXFileReference; lastKnownFileType = text.plist.xml; path = "EngineTests-Info.plist"; sourceTree = "<group>"; };
		A3367D3218B3E621005475B7 /* en */ = {isa = PBXFileReference; lastKnownFileType = text.plist.strings; name = en; path = en.lproj/InfoPlist.strings; sourceTree = "<group>"; };
		A3367D3418B3E621005475B7 /* EngineTests.m */ = {isa = PBXFileReference; lastKnownFileType = sourcecode.c.objc; path = EngineTests.m; sourceTree = "<group>"; };
		A3367D3E18B3E662005475B7 /* MainViewController.h */ = {isa = PBXFileReference; fileEncoding = 4; lastKnownFileType = sourcecode.c.h; path = MainViewController.h; sourceTree = "<group>"; };
		A3367D3F18B3E662005475B7 /* MainViewController.m */ = {isa = PBXFileReference; fileEncoding = 4; lastKnownFileType = sourcecode.c.objc; path = MainViewController.m; sourceTree = "<group>"; };
		A36C739918F0449300B988C7 /* Player.png */ = {isa = PBXFileReference; lastKnownFileType = image.png; path = Player.png; sourceTree = "<group>"; };
		A36C739B18F04D3C00B988C7 /* tileset.png */ = {isa = PBXFileReference; lastKnownFileType = image.png; path = tileset.png; sourceTree = "<group>"; };
		A37F40BB18C524E100C58298 /* notes.md */ = {isa = PBXFileReference; fileEncoding = 4; lastKnownFileType = text; name = notes.md; path = Engine/notes.md; sourceTree = "<group>"; };
		A38069D718B56A7100486D21 /* libLGEngine.a */ = {isa = PBXFileReference; explicitFileType = archive.ar; includeInIndex = 0; path = libLGEngine.a; sourceTree = BUILT_PRODUCTS_DIR; };
		A38C5D2F18F9916B0043510C /* LGTMXParser.h */ = {isa = PBXFileReference; fileEncoding = 4; lastKnownFileType = sourcecode.c.h; path = LGTMXParser.h; sourceTree = "<group>"; };
		A38C5D3018F9916B0043510C /* LGTMXParser.m */ = {isa = PBXFileReference; fileEncoding = 4; lastKnownFileType = sourcecode.c.objc; path = LGTMXParser.m; sourceTree = "<group>"; };
		A38C5D3418F9952E0043510C /* LGTileMap.h */ = {isa = PBXFileReference; fileEncoding = 4; lastKnownFileType = sourcecode.c.h; path = LGTileMap.h; sourceTree = "<group>"; };
		A38C5D3518F9952E0043510C /* LGTileMap.m */ = {isa = PBXFileReference; fileEncoding = 4; lastKnownFileType = sourcecode.c.objc; path = LGTileMap.m; sourceTree = "<group>"; };
		A38C5D3718F99CA50043510C /* LGTileLayer.h */ = {isa = PBXFileReference; fileEncoding = 4; lastKnownFileType = sourcecode.c.h; path = LGTileLayer.h; sourceTree = "<group>"; };
		A38C5D3818F99CA50043510C /* LGTileLayer.m */ = {isa = PBXFileReference; fileEncoding = 4; lastKnownFileType = sourcecode.c.objc; path = LGTileLayer.m; sourceTree = "<group>"; };
		A38C5D3C18F9A7A00043510C /* level1.tmx */ = {isa = PBXFileReference; fileEncoding = 4; lastKnownFileType = text.xml; path = level1.tmx; sourceTree = "<group>"; };
		A3D7547518EE1B14007EC53C /* README.md */ = {isa = PBXFileReference; fileEncoding = 4; lastKnownFileType = text; path = README.md; sourceTree = "<group>"; };
		A3DFD9DA18EDFEE0004412EE /* LICENSE */ = {isa = PBXFileReference; fileEncoding = 4; lastKnownFileType = text; path = LICENSE; sourceTree = "<group>"; };
		A3F818DC18F0B42400359EB8 /* LGTile.h */ = {isa = PBXFileReference; fileEncoding = 4; lastKnownFileType = sourcecode.c.h; path = LGTile.h; sourceTree = "<group>"; };
		A3F818DD18F0B42400359EB8 /* LGTile.m */ = {isa = PBXFileReference; fileEncoding = 4; lastKnownFileType = sourcecode.c.objc; path = LGTile.m; sourceTree = "<group>"; };
		A3F818E918F1A52D00359EB8 /* LGSpatialGrid.h */ = {isa = PBXFileReference; fileEncoding = 4; lastKnownFileType = sourcecode.c.h; path = LGSpatialGrid.h; sourceTree = "<group>"; };
		A3F818EA18F1A52D00359EB8 /* LGSpatialGrid.m */ = {isa = PBXFileReference; fileEncoding = 4; lastKnownFileType = sourcecode.c.objc; path = LGSpatialGrid.m; sourceTree = "<group>"; };
/* End PBXFileReference section */

/* Begin PBXFrameworksBuildPhase section */
		A3367D0318B3E620005475B7 /* Frameworks */ = {
			isa = PBXFrameworksBuildPhase;
			buildActionMask = 2147483647;
			files = (
				A3367D0C18B3E620005475B7 /* CoreGraphics.framework in Frameworks */,
				A3367D1018B3E620005475B7 /* CoreData.framework in Frameworks */,
				A3367D0E18B3E620005475B7 /* UIKit.framework in Frameworks */,
				A3367D0A18B3E620005475B7 /* Foundation.framework in Frameworks */,
			);
			runOnlyForDeploymentPostprocessing = 0;
		};
		A3367D2318B3E621005475B7 /* Frameworks */ = {
			isa = PBXFrameworksBuildPhase;
			buildActionMask = 2147483647;
			files = (
				A3367D2818B3E621005475B7 /* XCTest.framework in Frameworks */,
				A3367D2B18B3E621005475B7 /* CoreData.framework in Frameworks */,
				A3367D2A18B3E621005475B7 /* UIKit.framework in Frameworks */,
				A3367D2918B3E621005475B7 /* Foundation.framework in Frameworks */,
			);
			runOnlyForDeploymentPostprocessing = 0;
		};
		A38069D418B56A7100486D21 /* Frameworks */ = {
			isa = PBXFrameworksBuildPhase;
			buildActionMask = 2147483647;
			files = (
				A3806A0118B56AD500486D21 /* UIKit.framework in Frameworks */,
				A3806A0018B56AD200486D21 /* CoreData.framework in Frameworks */,
				A38069FF18B56ACD00486D21 /* CoreGraphics.framework in Frameworks */,
				A38069D818B56A7100486D21 /* Foundation.framework in Frameworks */,
			);
			runOnlyForDeploymentPostprocessing = 0;
		};
/* End PBXFrameworksBuildPhase section */

/* Begin PBXGroup section */
		A319EF3518EEEE070058E0E3 /* Engine */ = {
			isa = PBXGroup;
			children = (
				A319EF3618EEEE070058E0E3 /* Core Classes */,
				A319EF3918EEEE070058E0E3 /* Core Components */,
				A319EF4D18EEEE070058E0E3 /* Core Systems */,
				A319EF5D18EEEE070058E0E3 /* LGComponent.h */,
				A319EF5E18EEEE070058E0E3 /* LGComponent.m */,
				A319EF5F18EEEE070058E0E3 /* LGEngine.h */,
				A319EF6018EEEE070058E0E3 /* LGEngine.m */,
				A319EF6118EEEE070058E0E3 /* LGEntity.h */,
				A319EF6218EEEE070058E0E3 /* LGEntity.m */,
				A319EF6318EEEE070058E0E3 /* LGScene.h */,
				A319EF6418EEEE070058E0E3 /* LGScene.m */,
				A319EF6518EEEE070058E0E3 /* LGSystem.h */,
				A319EF6618EEEE070058E0E3 /* LGSystem.m */,
			);
			path = Engine;
			sourceTree = "<group>";
		};
		A319EF3618EEEE070058E0E3 /* Core Classes */ = {
			isa = PBXGroup;
			children = (
				A3F818E918F1A52D00359EB8 /* LGSpatialGrid.h */,
				A3F818EA18F1A52D00359EB8 /* LGSpatialGrid.m */,
				A3F818DC18F0B42400359EB8 /* LGTile.h */,
				A3F818DD18F0B42400359EB8 /* LGTile.m */,
				A38C5D3718F99CA50043510C /* LGTileLayer.h */,
				A38C5D3818F99CA50043510C /* LGTileLayer.m */,
				A38C5D3418F9952E0043510C /* LGTileMap.h */,
				A38C5D3518F9952E0043510C /* LGTileMap.m */,
				A38C5D2F18F9916B0043510C /* LGTMXParser.h */,
				A38C5D3018F9916B0043510C /* LGTMXParser.m */,
			);
			path = "Core Classes";
			sourceTree = "<group>";
		};
		A319EF3918EEEE070058E0E3 /* Core Components */ = {
			isa = PBXGroup;
			children = (
				A319EF3A18EEEE070058E0E3 /* LGCamera.h */,
				A319EF3B18EEEE070058E0E3 /* LGCamera.m */,
				A319EF3C18EEEE070058E0E3 /* LGCollider.h */,
				A319EF3D18EEEE070058E0E3 /* LGCollider.m */,
				A319EF4118EEEE070058E0E3 /* LGPhysics.h */,
				A319EF4218EEEE070058E0E3 /* LGPhysics.m */,
				A319EF4318EEEE070058E0E3 /* LGPlayer.h */,
				A319EF4418EEEE070058E0E3 /* LGPlayer.m */,
				A319EF4518EEEE070058E0E3 /* LGRender.h */,
				A319EF4618EEEE070058E0E3 /* LGRender.m */,
				A319EF4718EEEE070058E0E3 /* LGSprite.h */,
				A319EF4818EEEE070058E0E3 /* LGSprite.m */,
				A319EF3F18EEEE070058E0E3 /* LGTileCollider.h */,
				A319EF4018EEEE070058E0E3 /* LGTileCollider.m */,
				A319EF4B18EEEE070058E0E3 /* LGTransform.h */,
				A319EF4C18EEEE070058E0E3 /* LGTransform.m */,
			);
			path = "Core Components";
			sourceTree = "<group>";
		};
		A319EF4D18EEEE070058E0E3 /* Core Systems */ = {
			isa = PBXGroup;
			children = (
				A319EF4E18EEEE070058E0E3 /* LGCameraSystem.h */,
				A319EF4F18EEEE070058E0E3 /* LGCameraSystem.m */,
				A319EF5018EEEE070058E0E3 /* LGCollisionSystem.h */,
				A319EF5118EEEE070058E0E3 /* LGCollisionSystem.m */,
				A319EF5218EEEE070058E0E3 /* LGPhysicalSystem.h */,
				A319EF5318EEEE070058E0E3 /* LGPhysicalSystem.m */,
				A319EF5418EEEE070058E0E3 /* LGPlayerInputSystem.h */,
				A319EF5518EEEE070058E0E3 /* LGPlayerInputSystem.m */,
				A319EF5918EEEE070058E0E3 /* LGRenderingSystem.h */,
				A319EF5A18EEEE070058E0E3 /* LGRenderingSystem.m */,
				A319EF5718EEEE070058E0E3 /* LGSpriteRenderingSystem.h */,
				A319EF5818EEEE070058E0E3 /* LGSpriteRenderingSystem.m */,
				A319EF5B18EEEE070058E0E3 /* LGTileSystem.h */,
				A319EF5C18EEEE070058E0E3 /* LGTileSystem.m */,
			);
			path = "Core Systems";
			sourceTree = "<group>";
		};
		A319EF7D18EEEE8E0058E0E3 /* Game */ = {
			isa = PBXGroup;
			children = (
				A319EF7E18EEEE8E0058E0E3 /* Constants.h */,
				A319EF7F18EEEE8E0058E0E3 /* Constants.m */,
				A319EF8018EEEE8E0058E0E3 /* EntityFactory.h */,
				A319EF8118EEEE8E0058E0E3 /* EntityFactory.m */,
				A319EF8218EEEE8E0058E0E3 /* Resources */,
				A319EF8618EEEE8E0058E0E3 /* Scenes */,
			);
			path = Game;
			sourceTree = "<group>";
		};
		A319EF8218EEEE8E0058E0E3 /* Resources */ = {
			isa = PBXGroup;
			children = (
				A36C739918F0449300B988C7 /* Player.png */,
				A36C739B18F04D3C00B988C7 /* tileset.png */,
				A319EF8418EEEE8E0058E0E3 /* blue.png */,
				A38C5D3C18F9A7A00043510C /* level1.tmx */,
			);
			path = Resources;
			sourceTree = "<group>";
		};
		A319EF8618EEEE8E0058E0E3 /* Scenes */ = {
			isa = PBXGroup;
			children = (
				A319EF8718EEEE8E0058E0E3 /* MainScene.h */,
				A319EF8818EEEE8E0058E0E3 /* MainScene.m */,
			);
			path = Scenes;
			sourceTree = "<group>";
		};
		A3367CFD18B3E620005475B7 = {
			isa = PBXGroup;
			children = (
				A3D7547518EE1B14007EC53C /* README.md */,
				A3DFD9DA18EDFEE0004412EE /* LICENSE */,
				A37F40BB18C524E100C58298 /* notes.md */,
				A3367D1118B3E620005475B7 /* Engine */,
				A3367D2E18B3E621005475B7 /* EngineTests */,
				A3367D0818B3E620005475B7 /* Frameworks */,
				A3367D0718B3E620005475B7 /* Products */,
			);
			sourceTree = "<group>";
		};
		A3367D0718B3E620005475B7 /* Products */ = {
			isa = PBXGroup;
			children = (
				A3367D0618B3E620005475B7 /* Engine.app */,
				A3367D2618B3E621005475B7 /* EngineTests.xctest */,
				A38069D718B56A7100486D21 /* libLGEngine.a */,
			);
			name = Products;
			sourceTree = "<group>";
		};
		A3367D0818B3E620005475B7 /* Frameworks */ = {
			isa = PBXGroup;
			children = (
				A3367D0918B3E620005475B7 /* Foundation.framework */,
				A3367D0B18B3E620005475B7 /* CoreGraphics.framework */,
				A3367D0D18B3E620005475B7 /* UIKit.framework */,
				A3367D0F18B3E620005475B7 /* CoreData.framework */,
				A3367D2718B3E621005475B7 /* XCTest.framework */,
			);
			name = Frameworks;
			sourceTree = "<group>";
		};
		A3367D1118B3E620005475B7 /* Engine */ = {
			isa = PBXGroup;
			children = (
				A319EF3518EEEE070058E0E3 /* Engine */,
				A319EF7D18EEEE8E0058E0E3 /* Game */,
				A3367D1A18B3E620005475B7 /* AppDelegate.h */,
				A3367D1B18B3E620005475B7 /* AppDelegate.m */,
				A3367D3E18B3E662005475B7 /* MainViewController.h */,
				A3367D3F18B3E662005475B7 /* MainViewController.m */,
				A3367D2018B3E621005475B7 /* Images.xcassets */,
				A3367D1D18B3E621005475B7 /* Engine.xcdatamodeld */,
				A3367D1218B3E620005475B7 /* Supporting Files */,
			);
			path = Engine;
			sourceTree = "<group>";
		};
		A3367D1218B3E620005475B7 /* Supporting Files */ = {
			isa = PBXGroup;
			children = (
				A3367D1318B3E620005475B7 /* Engine-Info.plist */,
				A3367D1418B3E620005475B7 /* InfoPlist.strings */,
				A3367D1718B3E620005475B7 /* main.m */,
				A3367D1918B3E620005475B7 /* Engine-Prefix.pch */,
			);
			name = "Supporting Files";
			sourceTree = "<group>";
		};
		A3367D2E18B3E621005475B7 /* EngineTests */ = {
			isa = PBXGroup;
			children = (
				A3367D3418B3E621005475B7 /* EngineTests.m */,
				A3367D2F18B3E621005475B7 /* Supporting Files */,
			);
			path = EngineTests;
			sourceTree = "<group>";
		};
		A3367D2F18B3E621005475B7 /* Supporting Files */ = {
			isa = PBXGroup;
			children = (
				A3367D3018B3E621005475B7 /* EngineTests-Info.plist */,
				A3367D3118B3E621005475B7 /* InfoPlist.strings */,
			);
			name = "Supporting Files";
			sourceTree = "<group>";
		};
/* End PBXGroup section */

/* Begin PBXNativeTarget section */
		A3367D0518B3E620005475B7 /* Engine */ = {
			isa = PBXNativeTarget;
			buildConfigurationList = A3367D3818B3E621005475B7 /* Build configuration list for PBXNativeTarget "Engine" */;
			buildPhases = (
				A3367D0218B3E620005475B7 /* Sources */,
				A3367D0318B3E620005475B7 /* Frameworks */,
				A3367D0418B3E620005475B7 /* Resources */,
			);
			buildRules = (
			);
			dependencies = (
			);
			name = Engine;
			productName = Engine;
			productReference = A3367D0618B3E620005475B7 /* Engine.app */;
			productType = "com.apple.product-type.application";
		};
		A3367D2518B3E621005475B7 /* EngineTests */ = {
			isa = PBXNativeTarget;
			buildConfigurationList = A3367D3B18B3E621005475B7 /* Build configuration list for PBXNativeTarget "EngineTests" */;
			buildPhases = (
				A3367D2218B3E621005475B7 /* Sources */,
				A3367D2318B3E621005475B7 /* Frameworks */,
				A3367D2418B3E621005475B7 /* Resources */,
			);
			buildRules = (
			);
			dependencies = (
				A3367D2D18B3E621005475B7 /* PBXTargetDependency */,
			);
			name = EngineTests;
			productName = EngineTests;
			productReference = A3367D2618B3E621005475B7 /* EngineTests.xctest */;
			productType = "com.apple.product-type.bundle.unit-test";
		};
		A38069D618B56A7100486D21 /* LGEngine */ = {
			isa = PBXNativeTarget;
			buildConfigurationList = A38069F318B56A7200486D21 /* Build configuration list for PBXNativeTarget "LGEngine" */;
			buildPhases = (
				A38069D318B56A7100486D21 /* Sources */,
				A38069D418B56A7100486D21 /* Frameworks */,
				A38069D518B56A7100486D21 /* CopyFiles */,
			);
			buildRules = (
			);
			dependencies = (
			);
			name = LGEngine;
			productName = LGEngine;
			productReference = A38069D718B56A7100486D21 /* libLGEngine.a */;
			productType = "com.apple.product-type.library.static";
		};
/* End PBXNativeTarget section */

/* Begin PBXProject section */
		A3367CFE18B3E620005475B7 /* Project object */ = {
			isa = PBXProject;
			attributes = {
				LastUpgradeCheck = 0510;
				ORGANIZATIONNAME = "Luke Godfrey";
				TargetAttributes = {
					A3367D2518B3E621005475B7 = {
						TestTargetID = A3367D0518B3E620005475B7;
					};
				};
			};
			buildConfigurationList = A3367D0118B3E620005475B7 /* Build configuration list for PBXProject "Engine" */;
			compatibilityVersion = "Xcode 3.2";
			developmentRegion = English;
			hasScannedForEncodings = 0;
			knownRegions = (
				en,
			);
			mainGroup = A3367CFD18B3E620005475B7;
			productRefGroup = A3367D0718B3E620005475B7 /* Products */;
			projectDirPath = "";
			projectRoot = "";
			targets = (
				A3367D0518B3E620005475B7 /* Engine */,
				A3367D2518B3E621005475B7 /* EngineTests */,
				A38069D618B56A7100486D21 /* LGEngine */,
			);
		};
/* End PBXProject section */

/* Begin PBXResourcesBuildPhase section */
		A3367D0418B3E620005475B7 /* Resources */ = {
			isa = PBXResourcesBuildPhase;
			buildActionMask = 2147483647;
			files = (
				A38C5D3D18F9A7A00043510C /* level1.tmx in Resources */,
				A3367D1618B3E620005475B7 /* InfoPlist.strings in Resources */,
				A3D7547618EE1B14007EC53C /* README.md in Resources */,
				A36C739A18F0449300B988C7 /* Player.png in Resources */,
				A36C739C18F04D3C00B988C7 /* tileset.png in Resources */,
				A37F40BC18C524E100C58298 /* notes.md in Resources */,
				A3DFD9DB18EDFEE0004412EE /* LICENSE in Resources */,
				A319EF8E18EEEE8E0058E0E3 /* blue.png in Resources */,
				A3367D2118B3E621005475B7 /* Images.xcassets in Resources */,
			);
			runOnlyForDeploymentPostprocessing = 0;
		};
		A3367D2418B3E621005475B7 /* Resources */ = {
			isa = PBXResourcesBuildPhase;
			buildActionMask = 2147483647;
			files = (
				A3367D3318B3E621005475B7 /* InfoPlist.strings in Resources */,
			);
			runOnlyForDeploymentPostprocessing = 0;
		};
/* End PBXResourcesBuildPhase section */

/* Begin PBXSourcesBuildPhase section */
		A3367D0218B3E620005475B7 /* Sources */ = {
			isa = PBXSourcesBuildPhase;
			buildActionMask = 2147483647;
			files = (
				A363F6B018F1DF0600581E67 /* LGCollisionSystem.m in Sources */,
				A38C5D3118F9916B0043510C /* LGTMXParser.m in Sources */,
				A319EF7818EEEE070058E0E3 /* LGComponent.m in Sources */,
				A3367D1C18B3E620005475B7 /* AppDelegate.m in Sources */,
				A319EF7918EEEE070058E0E3 /* LGEngine.m in Sources */,
				A319EF7318EEEE070058E0E3 /* LGPhysicalSystem.m in Sources */,
				A319EF6A18EEEE070058E0E3 /* LGTileCollider.m in Sources */,
				A319EF6818EEEE070058E0E3 /* LGCamera.m in Sources */,
				A319EF9018EEEE8E0058E0E3 /* MainScene.m in Sources */,
				A3367D1F18B3E621005475B7 /* Engine.xcdatamodeld in Sources */,
				A319EF6B18EEEE070058E0E3 /* LGPhysics.m in Sources */,
				A319EF7718EEEE070058E0E3 /* LGTileSystem.m in Sources */,
				A319EF7518EEEE070058E0E3 /* LGSpriteRenderingSystem.m in Sources */,
				A3F818DE18F0B42400359EB8 /* LGTile.m in Sources */,
				A38C5D3618F9952E0043510C /* LGTileMap.m in Sources */,
				A319EF7A18EEEE070058E0E3 /* LGEntity.m in Sources */,
				A38C5D3918F99CA50043510C /* LGTileLayer.m in Sources */,
				A319EF7418EEEE070058E0E3 /* LGPlayerInputSystem.m in Sources */,
				A3F818EB18F1A52D00359EB8 /* LGSpatialGrid.m in Sources */,
				A319EF7118EEEE070058E0E3 /* LGCameraSystem.m in Sources */,
				A319EF7618EEEE070058E0E3 /* LGRenderingSystem.m in Sources */,
				A3367D1818B3E620005475B7 /* main.m in Sources */,
				A319EF7B18EEEE070058E0E3 /* LGScene.m in Sources */,
				A3367D4018B3E662005475B7 /* MainViewController.m in Sources */,
				A319EF6918EEEE070058E0E3 /* LGCollider.m in Sources */,
				A319EF6C18EEEE070058E0E3 /* LGPlayer.m in Sources */,
				A319EF7018EEEE070058E0E3 /* LGTransform.m in Sources */,
				A319EF6D18EEEE070058E0E3 /* LGRender.m in Sources */,
				A319EF7C18EEEE070058E0E3 /* LGSystem.m in Sources */,
				A319EF6E18EEEE070058E0E3 /* LGSprite.m in Sources */,
				A319EF8B18EEEE8E0058E0E3 /* Constants.m in Sources */,
				A319EF8C18EEEE8E0058E0E3 /* EntityFactory.m in Sources */,
			);
			runOnlyForDeploymentPostprocessing = 0;
		};
		A3367D2218B3E621005475B7 /* Sources */ = {
			isa = PBXSourcesBuildPhase;
			buildActionMask = 2147483647;
			files = (
				A3367D3518B3E621005475B7 /* EngineTests.m in Sources */,
			);
			runOnlyForDeploymentPostprocessing = 0;
		};
		A38069D318B56A7100486D21 /* Sources */ = {
			isa = PBXSourcesBuildPhase;
			buildActionMask = 2147483647;
			files = (
				A36C73E318F0510D00B988C7 /* LGCamera.m in Sources */,
				A36C73E418F0510D00B988C7 /* LGCollider.m in Sources */,
				A36C73E518F0510D00B988C7 /* LGTileCollider.m in Sources */,
				A36C73E618F0510D00B988C7 /* LGPhysics.m in Sources */,
				A36C73E718F0510D00B988C7 /* LGPlayer.m in Sources */,
				A36C73E818F0510D00B988C7 /* LGRender.m in Sources */,
				A36C73E918F0510D00B988C7 /* LGSprite.m in Sources */,
				A36C73EB18F0510D00B988C7 /* LGTransform.m in Sources */,
				A36C73EC18F0510D00B988C7 /* LGCameraSystem.m in Sources */,
				A36C73EE18F0510D00B988C7 /* LGPhysicalSystem.m in Sources */,
				A3F818E718F100AD00359EB8 /* LGCollisionSystem.m in Sources */,
				A36C73EF18F0510D00B988C7 /* LGPlayerInputSystem.m in Sources */,
				A36C73F018F0510D00B988C7 /* LGSpriteRenderingSystem.m in Sources */,
				A36C73F118F0510D00B988C7 /* LGRenderingSystem.m in Sources */,
				A36C73F218F0510D00B988C7 /* LGTileSystem.m in Sources */,
				A36C73F318F0510D00B988C7 /* LGComponent.m in Sources */,
				A36C73F418F0510D00B988C7 /* LGEngine.m in Sources */,
				A36C73F518F0510D00B988C7 /* LGEntity.m in Sources */,
				A36C73F618F0510D00B988C7 /* LGScene.m in Sources */,
				A36C73F718F0510D00B988C7 /* LGSystem.m in Sources */,
			);
			runOnlyForDeploymentPostprocessing = 0;
		};
/* End PBXSourcesBuildPhase section */

/* Begin PBXTargetDependency section */
		A3367D2D18B3E621005475B7 /* PBXTargetDependency */ = {
			isa = PBXTargetDependency;
			target = A3367D0518B3E620005475B7 /* Engine */;
			targetProxy = A3367D2C18B3E621005475B7 /* PBXContainerItemProxy */;
		};
/* End PBXTargetDependency section */

/* Begin PBXVariantGroup section */
		A3367D1418B3E620005475B7 /* InfoPlist.strings */ = {
			isa = PBXVariantGroup;
			children = (
				A3367D1518B3E620005475B7 /* en */,
			);
			name = InfoPlist.strings;
			sourceTree = "<group>";
		};
		A3367D3118B3E621005475B7 /* InfoPlist.strings */ = {
			isa = PBXVariantGroup;
			children = (
				A3367D3218B3E621005475B7 /* en */,
			);
			name = InfoPlist.strings;
			sourceTree = "<group>";
		};
/* End PBXVariantGroup section */

/* Begin XCBuildConfiguration section */
		A3367D3618B3E621005475B7 /* Debug */ = {
			isa = XCBuildConfiguration;
			buildSettings = {
				ALWAYS_SEARCH_USER_PATHS = NO;
				CLANG_CXX_LANGUAGE_STANDARD = "gnu++0x";
				CLANG_CXX_LIBRARY = "libc++";
				CLANG_ENABLE_MODULES = YES;
				CLANG_ENABLE_OBJC_ARC = YES;
				CLANG_WARN_BOOL_CONVERSION = YES;
				CLANG_WARN_CONSTANT_CONVERSION = YES;
				CLANG_WARN_DIRECT_OBJC_ISA_USAGE = YES_ERROR;
				CLANG_WARN_EMPTY_BODY = YES;
				CLANG_WARN_ENUM_CONVERSION = YES;
				CLANG_WARN_INT_CONVERSION = YES;
				CLANG_WARN_OBJC_ROOT_CLASS = YES_ERROR;
				CLANG_WARN__DUPLICATE_METHOD_MATCH = YES;
				"CODE_SIGN_IDENTITY[sdk=iphoneos*]" = "iPhone Developer";
				COPY_PHASE_STRIP = NO;
				GCC_C_LANGUAGE_STANDARD = gnu99;
				GCC_DYNAMIC_NO_PIC = NO;
				GCC_OPTIMIZATION_LEVEL = 0;
				GCC_PREPROCESSOR_DEFINITIONS = (
					"DEBUG=1",
					"$(inherited)",
				);
				GCC_SYMBOLS_PRIVATE_EXTERN = NO;
				GCC_WARN_64_TO_32_BIT_CONVERSION = YES;
				GCC_WARN_ABOUT_RETURN_TYPE = YES_ERROR;
				GCC_WARN_UNDECLARED_SELECTOR = YES;
				GCC_WARN_UNINITIALIZED_AUTOS = YES;
				GCC_WARN_UNUSED_FUNCTION = YES;
				GCC_WARN_UNUSED_VARIABLE = YES;
				IPHONEOS_DEPLOYMENT_TARGET = 7.0;
				ONLY_ACTIVE_ARCH = YES;
				SDKROOT = iphoneos;
			};
			name = Debug;
		};
		A3367D3718B3E621005475B7 /* Release */ = {
			isa = XCBuildConfiguration;
			buildSettings = {
				ALWAYS_SEARCH_USER_PATHS = NO;
				CLANG_CXX_LANGUAGE_STANDARD = "gnu++0x";
				CLANG_CXX_LIBRARY = "libc++";
				CLANG_ENABLE_MODULES = YES;
				CLANG_ENABLE_OBJC_ARC = YES;
				CLANG_WARN_BOOL_CONVERSION = YES;
				CLANG_WARN_CONSTANT_CONVERSION = YES;
				CLANG_WARN_DIRECT_OBJC_ISA_USAGE = YES_ERROR;
				CLANG_WARN_EMPTY_BODY = YES;
				CLANG_WARN_ENUM_CONVERSION = YES;
				CLANG_WARN_INT_CONVERSION = YES;
				CLANG_WARN_OBJC_ROOT_CLASS = YES_ERROR;
				CLANG_WARN__DUPLICATE_METHOD_MATCH = YES;
				"CODE_SIGN_IDENTITY[sdk=iphoneos*]" = "iPhone Developer";
				COPY_PHASE_STRIP = YES;
				ENABLE_NS_ASSERTIONS = NO;
				GCC_C_LANGUAGE_STANDARD = gnu99;
				GCC_WARN_64_TO_32_BIT_CONVERSION = YES;
				GCC_WARN_ABOUT_RETURN_TYPE = YES_ERROR;
				GCC_WARN_UNDECLARED_SELECTOR = YES;
				GCC_WARN_UNINITIALIZED_AUTOS = YES;
				GCC_WARN_UNUSED_FUNCTION = YES;
				GCC_WARN_UNUSED_VARIABLE = YES;
				IPHONEOS_DEPLOYMENT_TARGET = 7.0;
				SDKROOT = iphoneos;
				VALIDATE_PRODUCT = YES;
			};
			name = Release;
		};
		A3367D3918B3E621005475B7 /* Debug */ = {
			isa = XCBuildConfiguration;
			buildSettings = {
				ASSETCATALOG_COMPILER_APPICON_NAME = AppIcon;
				ASSETCATALOG_COMPILER_LAUNCHIMAGE_NAME = LaunchImage;
				GCC_PRECOMPILE_PREFIX_HEADER = YES;
				GCC_PREFIX_HEADER = "Engine/Engine-Prefix.pch";
				INFOPLIST_FILE = "Engine/Engine-Info.plist";
				PRODUCT_NAME = "$(TARGET_NAME)";
				WRAPPER_EXTENSION = app;
			};
			name = Debug;
		};
		A3367D3A18B3E621005475B7 /* Release */ = {
			isa = XCBuildConfiguration;
			buildSettings = {
				ASSETCATALOG_COMPILER_APPICON_NAME = AppIcon;
				ASSETCATALOG_COMPILER_LAUNCHIMAGE_NAME = LaunchImage;
				GCC_PRECOMPILE_PREFIX_HEADER = YES;
				GCC_PREFIX_HEADER = "Engine/Engine-Prefix.pch";
				INFOPLIST_FILE = "Engine/Engine-Info.plist";
				PRODUCT_NAME = "$(TARGET_NAME)";
				WRAPPER_EXTENSION = app;
			};
			name = Release;
		};
		A3367D3C18B3E621005475B7 /* Debug */ = {
			isa = XCBuildConfiguration;
			buildSettings = {
				BUNDLE_LOADER = "$(BUILT_PRODUCTS_DIR)/Engine.app/Engine";
				FRAMEWORK_SEARCH_PATHS = (
					"$(SDKROOT)/Developer/Library/Frameworks",
					"$(inherited)",
					"$(DEVELOPER_FRAMEWORKS_DIR)",
				);
				GCC_PRECOMPILE_PREFIX_HEADER = YES;
				GCC_PREFIX_HEADER = "Engine/Engine-Prefix.pch";
				GCC_PREPROCESSOR_DEFINITIONS = (
					"DEBUG=1",
					"$(inherited)",
				);
				INFOPLIST_FILE = "EngineTests/EngineTests-Info.plist";
				PRODUCT_NAME = "$(TARGET_NAME)";
				TEST_HOST = "$(BUNDLE_LOADER)";
				WRAPPER_EXTENSION = xctest;
			};
			name = Debug;
		};
		A3367D3D18B3E621005475B7 /* Release */ = {
			isa = XCBuildConfiguration;
			buildSettings = {
				BUNDLE_LOADER = "$(BUILT_PRODUCTS_DIR)/Engine.app/Engine";
				FRAMEWORK_SEARCH_PATHS = (
					"$(SDKROOT)/Developer/Library/Frameworks",
					"$(inherited)",
					"$(DEVELOPER_FRAMEWORKS_DIR)",
				);
				GCC_PRECOMPILE_PREFIX_HEADER = YES;
				GCC_PREFIX_HEADER = "Engine/Engine-Prefix.pch";
				INFOPLIST_FILE = "EngineTests/EngineTests-Info.plist";
				PRODUCT_NAME = "$(TARGET_NAME)";
				TEST_HOST = "$(BUNDLE_LOADER)";
				WRAPPER_EXTENSION = xctest;
			};
			name = Release;
		};
		A38069F418B56A7200486D21 /* Debug */ = {
			isa = XCBuildConfiguration;
			buildSettings = {
				DSTROOT = /tmp/LGEngine.dst;
				GCC_PRECOMPILE_PREFIX_HEADER = YES;
				GCC_PREFIX_HEADER = "Engine/Engine-Prefix.pch";
				GCC_PREPROCESSOR_DEFINITIONS = (
					"DEBUG=1",
					"$(inherited)",
				);
				ONLY_ACTIVE_ARCH = NO;
				OTHER_LDFLAGS = "-ObjC";
				PRODUCT_NAME = "$(TARGET_NAME)";
				SDKROOT = iphoneos;
				SKIP_INSTALL = YES;
				VALID_ARCHS = "arm64 armv7 armv7s";
			};
			name = Debug;
		};
		A38069F518B56A7200486D21 /* Release */ = {
			isa = XCBuildConfiguration;
			buildSettings = {
				DSTROOT = /tmp/LGEngine.dst;
				GCC_PRECOMPILE_PREFIX_HEADER = YES;
				GCC_PREFIX_HEADER = "Engine/Engine-Prefix.pch";
				ONLY_ACTIVE_ARCH = NO;
				OTHER_LDFLAGS = "-ObjC";
				PRODUCT_NAME = "$(TARGET_NAME)";
				SDKROOT = iphoneos;
				SKIP_INSTALL = YES;
				VALID_ARCHS = "arm64 armv7 armv7s";
			};
			name = Release;
		};
/* End XCBuildConfiguration section */

/* Begin XCConfigurationList section */
		A3367D0118B3E620005475B7 /* Build configuration list for PBXProject "Engine" */ = {
			isa = XCConfigurationList;
			buildConfigurations = (
				A3367D3618B3E621005475B7 /* Debug */,
				A3367D3718B3E621005475B7 /* Release */,
			);
			defaultConfigurationIsVisible = 0;
			defaultConfigurationName = Release;
		};
		A3367D3818B3E621005475B7 /* Build configuration list for PBXNativeTarget "Engine" */ = {
			isa = XCConfigurationList;
			buildConfigurations = (
				A3367D3918B3E621005475B7 /* Debug */,
				A3367D3A18B3E621005475B7 /* Release */,
			);
			defaultConfigurationIsVisible = 0;
			defaultConfigurationName = Release;
		};
		A3367D3B18B3E621005475B7 /* Build configuration list for PBXNativeTarget "EngineTests" */ = {
			isa = XCConfigurationList;
			buildConfigurations = (
				A3367D3C18B3E621005475B7 /* Debug */,
				A3367D3D18B3E621005475B7 /* Release */,
			);
			defaultConfigurationIsVisible = 0;
			defaultConfigurationName = Release;
		};
		A38069F318B56A7200486D21 /* Build configuration list for PBXNativeTarget "LGEngine" */ = {
			isa = XCConfigurationList;
			buildConfigurations = (
				A38069F418B56A7200486D21 /* Debug */,
				A38069F518B56A7200486D21 /* Release */,
			);
			defaultConfigurationIsVisible = 0;
			defaultConfigurationName = Release;
		};
/* End XCConfigurationList section */

/* Begin XCVersionGroup section */
		A3367D1D18B3E621005475B7 /* Engine.xcdatamodeld */ = {
			isa = XCVersionGroup;
			children = (
				A3367D1E18B3E621005475B7 /* Engine.xcdatamodel */,
			);
			currentVersion = A3367D1E18B3E621005475B7 /* Engine.xcdatamodel */;
			path = Engine.xcdatamodeld;
			sourceTree = "<group>";
			versionGroupType = wrapper.xcdatamodel;
		};
/* End XCVersionGroup section */
	};
	rootObject = A3367CFE18B3E620005475B7 /* Project object */;
}
